
Microsoft Visual Studio Solution File, Format Version 12.00
# Visual Studio Version 17
VisualStudioVersion = 17.3.32819.101
MinimumVisualStudioVersion = 10.0.40219.1
Project("{FAE04EC0-301F-11D3-BF4B-00C04F79EFBC}") = "TicTacToe", "TicTacToe\TicTacToe.csproj", "{16778214-1C7E-48AF-A690-6278089E50FA}"
EndProject
Global
	GlobalSection(SolutionConfigurationPlatforms) = preSolution
		Debug|Any CPU = Debug|Any CPU
		Release|Any CPU = Release|Any CPU
	EndGlobalSection
	GlobalSection(ProjectConfigurationPlatforms) = postSolution
		{16778214-1C7E-48AF-A690-6278089E50FA}.Debug|Any CPU.ActiveCfg = Debug|Any CPU
		{16778214-1C7E-48AF-A690-6278089E50FA}.Debug|Any CPU.Build.0 = Debug|Any CPU
		{16778214-1C7E-48AF-A690-6278089E50FA}.Release|Any CPU.ActiveCfg = Release|Any CPU
		{16778214-1C7E-48AF-A690-6278089E50FA}.Release|Any CPU.Build.0 = Release|Any CPU
	EndGlobalSection
	GlobalSection(SolutionProperties) = preSolution
		HideSolutionNode = FALSE
	EndGlobalSection
	GlobalSection(ExtensibilityGlobals) = postSolution
		SolutionGuid = {35DBDB94-62E3-49A6-9993-D4CBBCF57E91}
	EndGlobalSection
EndGlobal
